// !$*UTF8*$!
{
	archiveVersion = 1;
	classes = {
	};
	objectVersion = 48;
	objects = {

/* Begin PBXBuildFile section */
		848E0DDA206203EB0011B550 /* AppDelegate.m in Sources */ = {isa = PBXBuildFile; fileRef = 848E0DD9206203EB0011B550 /* AppDelegate.m */; };
		848E0DDD206203EB0011B550 /* ViewController.m in Sources */ = {isa = PBXBuildFile; fileRef = 848E0DDC206203EB0011B550 /* ViewController.m */; };
		848E0DE0206203EB0011B550 /* Main.storyboard in Resources */ = {isa = PBXBuildFile; fileRef = 848E0DDE206203EB0011B550 /* Main.storyboard */; };
		848E0DE2206203EB0011B550 /* Assets.xcassets in Resources */ = {isa = PBXBuildFile; fileRef = 848E0DE1206203EB0011B550 /* Assets.xcassets */; };
		848E0DE5206203EB0011B550 /* LaunchScreen.storyboard in Resources */ = {isa = PBXBuildFile; fileRef = 848E0DE3206203EB0011B550 /* LaunchScreen.storyboard */; };
		848E0DE8206203EB0011B550 /* main.m in Sources */ = {isa = PBXBuildFile; fileRef = 848E0DE7206203EB0011B550 /* main.m */; };
		848E0DF2206203EB0011B550 /* ProjectDemoTests.m in Sources */ = {isa = PBXBuildFile; fileRef = 848E0DF1206203EB0011B550 /* ProjectDemoTests.m */; };
		848E0DFD206203EC0011B550 /* ProjectDemoUITests.m in Sources */ = {isa = PBXBuildFile; fileRef = 848E0DFC206203EC0011B550 /* ProjectDemoUITests.m */; };
		848E0E0C206205B20011B550 /* ViewController.m in Sources */ = {isa = PBXBuildFile; fileRef = 848E0DDC206203EB0011B550 /* ViewController.m */; };
		848E0E0D206205B20011B550 /* main.m in Sources */ = {isa = PBXBuildFile; fileRef = 848E0DE7206203EB0011B550 /* main.m */; };
		848E0E0E206205B20011B550 /* AppDelegate.m in Sources */ = {isa = PBXBuildFile; fileRef = 848E0DD9206203EB0011B550 /* AppDelegate.m */; };
		848E0E11206205B20011B550 /* LaunchScreen.storyboard in Resources */ = {isa = PBXBuildFile; fileRef = 848E0DE3206203EB0011B550 /* LaunchScreen.storyboard */; };
		848E0E12206205B20011B550 /* Assets.xcassets in Resources */ = {isa = PBXBuildFile; fileRef = 848E0DE1206203EB0011B550 /* Assets.xcassets */; };
		848E0E13206205B20011B550 /* Main.storyboard in Resources */ = {isa = PBXBuildFile; fileRef = 848E0DDE206203EB0011B550 /* Main.storyboard */; };
		848E0E1B206205B50011B550 /* ViewController.m in Sources */ = {isa = PBXBuildFile; fileRef = 848E0DDC206203EB0011B550 /* ViewController.m */; };
		848E0E1C206205B50011B550 /* main.m in Sources */ = {isa = PBXBuildFile; fileRef = 848E0DE7206203EB0011B550 /* main.m */; };
		848E0E1D206205B50011B550 /* AppDelegate.m in Sources */ = {isa = PBXBuildFile; fileRef = 848E0DD9206203EB0011B550 /* AppDelegate.m */; };
		848E0E20206205B50011B550 /* LaunchScreen.storyboard in Resources */ = {isa = PBXBuildFile; fileRef = 848E0DE3206203EB0011B550 /* LaunchScreen.storyboard */; };
		848E0E21206205B50011B550 /* Assets.xcassets in Resources */ = {isa = PBXBuildFile; fileRef = 848E0DE1206203EB0011B550 /* Assets.xcassets */; };
		848E0E22206205B50011B550 /* Main.storyboard in Resources */ = {isa = PBXBuildFile; fileRef = 848E0DDE206203EB0011B550 /* Main.storyboard */; };
		848E0E2A206205C60011B550 /* ViewController.m in Sources */ = {isa = PBXBuildFile; fileRef = 848E0DDC206203EB0011B550 /* ViewController.m */; };
		848E0E2B206205C60011B550 /* main.m in Sources */ = {isa = PBXBuildFile; fileRef = 848E0DE7206203EB0011B550 /* main.m */; };
		848E0E2C206205C60011B550 /* AppDelegate.m in Sources */ = {isa = PBXBuildFile; fileRef = 848E0DD9206203EB0011B550 /* AppDelegate.m */; };
		848E0E2F206205C60011B550 /* LaunchScreen.storyboard in Resources */ = {isa = PBXBuildFile; fileRef = 848E0DE3206203EB0011B550 /* LaunchScreen.storyboard */; };
		848E0E30206205C60011B550 /* Assets.xcassets in Resources */ = {isa = PBXBuildFile; fileRef = 848E0DE1206203EB0011B550 /* Assets.xcassets */; };
		848E0E31206205C60011B550 /* Main.storyboard in Resources */ = {isa = PBXBuildFile; fileRef = 848E0DDE206203EB0011B550 /* Main.storyboard */; };
		848E0E3D206206560011B550 /* blueProject-Info.plist in Resources */ = {isa = PBXBuildFile; fileRef = 848E0E38206206560011B550 /* blueProject-Info.plist */; };
		848E0E3E206206560011B550 /* blueProject-Info.plist in Resources */ = {isa = PBXBuildFile; fileRef = 848E0E38206206560011B550 /* blueProject-Info.plist */; };
		848E0E3F206206560011B550 /* blueProject-Info.plist in Resources */ = {isa = PBXBuildFile; fileRef = 848E0E38206206560011B550 /* blueProject-Info.plist */; };
		848E0E40206206560011B550 /* blueProject-Info.plist in Resources */ = {isa = PBXBuildFile; fileRef = 848E0E38206206560011B550 /* blueProject-Info.plist */; };
		848E0E41206206560011B550 /* redProject-Info.plist in Resources */ = {isa = PBXBuildFile; fileRef = 848E0E3A206206560011B550 /* redProject-Info.plist */; };
		848E0E42206206560011B550 /* redProject-Info.plist in Resources */ = {isa = PBXBuildFile; fileRef = 848E0E3A206206560011B550 /* redProject-Info.plist */; };
		848E0E43206206560011B550 /* redProject-Info.plist in Resources */ = {isa = PBXBuildFile; fileRef = 848E0E3A206206560011B550 /* redProject-Info.plist */; };
		848E0E44206206560011B550 /* redProject-Info.plist in Resources */ = {isa = PBXBuildFile; fileRef = 848E0E3A206206560011B550 /* redProject-Info.plist */; };
		848E0E45206206560011B550 /* greenProject-Info.plist in Resources */ = {isa = PBXBuildFile; fileRef = 848E0E3C206206560011B550 /* greenProject-Info.plist */; };
		848E0E46206206560011B550 /* greenProject-Info.plist in Resources */ = {isa = PBXBuildFile; fileRef = 848E0E3C206206560011B550 /* greenProject-Info.plist */; };
		848E0E47206206560011B550 /* greenProject-Info.plist in Resources */ = {isa = PBXBuildFile; fileRef = 848E0E3C206206560011B550 /* greenProject-Info.plist */; };
		848E0E48206206560011B550 /* greenProject-Info.plist in Resources */ = {isa = PBXBuildFile; fileRef = 848E0E3C206206560011B550 /* greenProject-Info.plist */; };
/* End PBXBuildFile section */

/* Begin PBXContainerItemProxy section */
		848E0DEE206203EB0011B550 /* PBXContainerItemProxy */ = {
			isa = PBXContainerItemProxy;
			containerPortal = 848E0DCD206203EB0011B550 /* Project object */;
			proxyType = 1;
			remoteGlobalIDString = 848E0DD4206203EB0011B550;
			remoteInfo = ProjectDemo;
		};
		848E0DF9206203EC0011B550 /* PBXContainerItemProxy */ = {
			isa = PBXContainerItemProxy;
			containerPortal = 848E0DCD206203EB0011B550 /* Project object */;
			proxyType = 1;
			remoteGlobalIDString = 848E0DD4206203EB0011B550;
			remoteInfo = ProjectDemo;
		};
/* End PBXContainerItemProxy section */

/* Begin PBXFileReference section */
		848E0DD5206203EB0011B550 /* ProjectDemo.app */ = {isa = PBXFileReference; explicitFileType = wrapper.application; includeInIndex = 0; path = ProjectDemo.app; sourceTree = BUILT_PRODUCTS_DIR; };
		848E0DD8206203EB0011B550 /* AppDelegate.h */ = {isa = PBXFileReference; lastKnownFileType = sourcecode.c.h; path = AppDelegate.h; sourceTree = "<group>"; };
		848E0DD9206203EB0011B550 /* AppDelegate.m */ = {isa = PBXFileReference; lastKnownFileType = sourcecode.c.objc; path = AppDelegate.m; sourceTree = "<group>"; };
		848E0DDB206203EB0011B550 /* ViewController.h */ = {isa = PBXFileReference; lastKnownFileType = sourcecode.c.h; path = ViewController.h; sourceTree = "<group>"; };
		848E0DDC206203EB0011B550 /* ViewController.m */ = {isa = PBXFileReference; lastKnownFileType = sourcecode.c.objc; path = ViewController.m; sourceTree = "<group>"; };
		848E0DDF206203EB0011B550 /* Base */ = {isa = PBXFileReference; lastKnownFileType = file.storyboard; name = Base; path = Base.lproj/Main.storyboard; sourceTree = "<group>"; };
		848E0DE1206203EB0011B550 /* Assets.xcassets */ = {isa = PBXFileReference; lastKnownFileType = folder.assetcatalog; path = Assets.xcassets; sourceTree = "<group>"; };
		848E0DE4206203EB0011B550 /* Base */ = {isa = PBXFileReference; lastKnownFileType = file.storyboard; name = Base; path = Base.lproj/LaunchScreen.storyboard; sourceTree = "<group>"; };
		848E0DE6206203EB0011B550 /* Info.plist */ = {isa = PBXFileReference; lastKnownFileType = text.plist.xml; path = Info.plist; sourceTree = "<group>"; };
		848E0DE7206203EB0011B550 /* main.m */ = {isa = PBXFileReference; lastKnownFileType = sourcecode.c.objc; path = main.m; sourceTree = "<group>"; };
		848E0DED206203EB0011B550 /* ProjectDemoTests.xctest */ = {isa = PBXFileReference; explicitFileType = wrapper.cfbundle; includeInIndex = 0; path = ProjectDemoTests.xctest; sourceTree = BUILT_PRODUCTS_DIR; };
		848E0DF1206203EB0011B550 /* ProjectDemoTests.m */ = {isa = PBXFileReference; lastKnownFileType = sourcecode.c.objc; path = ProjectDemoTests.m; sourceTree = "<group>"; };
		848E0DF3206203EB0011B550 /* Info.plist */ = {isa = PBXFileReference; lastKnownFileType = text.plist.xml; path = Info.plist; sourceTree = "<group>"; };
		848E0DF8206203EB0011B550 /* ProjectDemoUITests.xctest */ = {isa = PBXFileReference; explicitFileType = wrapper.cfbundle; includeInIndex = 0; path = ProjectDemoUITests.xctest; sourceTree = BUILT_PRODUCTS_DIR; };
		848E0DFC206203EC0011B550 /* ProjectDemoUITests.m */ = {isa = PBXFileReference; lastKnownFileType = sourcecode.c.objc; path = ProjectDemoUITests.m; sourceTree = "<group>"; };
		848E0DFE206203EC0011B550 /* Info.plist */ = {isa = PBXFileReference; lastKnownFileType = text.plist.xml; path = Info.plist; sourceTree = "<group>"; };
		848E0E17206205B20011B550 /* ProjectDemo_red.app */ = {isa = PBXFileReference; explicitFileType = wrapper.application; includeInIndex = 0; path = ProjectDemo_red.app; sourceTree = BUILT_PRODUCTS_DIR; };
		848E0E26206205B50011B550 /* ProjectDemo_green.app */ = {isa = PBXFileReference; explicitFileType = wrapper.application; includeInIndex = 0; path = ProjectDemo_green.app; sourceTree = BUILT_PRODUCTS_DIR; };
		848E0E35206205C60011B550 /* ProjectDemo_blue.app */ = {isa = PBXFileReference; explicitFileType = wrapper.application; includeInIndex = 0; path = ProjectDemo_blue.app; sourceTree = BUILT_PRODUCTS_DIR; };
		848E0E38206206560011B550 /* blueProject-Info.plist */ = {isa = PBXFileReference; fileEncoding = 4; lastKnownFileType = text.plist.xml; path = "blueProject-Info.plist"; sourceTree = "<group>"; };
		848E0E3A206206560011B550 /* redProject-Info.plist */ = {isa = PBXFileReference; fileEncoding = 4; lastKnownFileType = text.plist.xml; path = "redProject-Info.plist"; sourceTree = "<group>"; };
		848E0E3C206206560011B550 /* greenProject-Info.plist */ = {isa = PBXFileReference; fileEncoding = 4; lastKnownFileType = text.plist.xml; path = "greenProject-Info.plist"; sourceTree = "<group>"; };
/* End PBXFileReference section */

/* Begin PBXFrameworksBuildPhase section */
		848E0DD2206203EB0011B550 /* Frameworks */ = {
			isa = PBXFrameworksBuildPhase;
			buildActionMask = 2147483647;
			files = (
			);
			runOnlyForDeploymentPostprocessing = 0;
		};
		848E0DEA206203EB0011B550 /* Frameworks */ = {
			isa = PBXFrameworksBuildPhase;
			buildActionMask = 2147483647;
			files = (
			);
			runOnlyForDeploymentPostprocessing = 0;
		};
		848E0DF5206203EB0011B550 /* Frameworks */ = {
			isa = PBXFrameworksBuildPhase;
			buildActionMask = 2147483647;
			files = (
			);
			runOnlyForDeploymentPostprocessing = 0;
		};
		848E0E0F206205B20011B550 /* Frameworks */ = {
			isa = PBXFrameworksBuildPhase;
			buildActionMask = 2147483647;
			files = (
			);
			runOnlyForDeploymentPostprocessing = 0;
		};
		848E0E1E206205B50011B550 /* Frameworks */ = {
			isa = PBXFrameworksBuildPhase;
			buildActionMask = 2147483647;
			files = (
			);
			runOnlyForDeploymentPostprocessing = 0;
		};
		848E0E2D206205C60011B550 /* Frameworks */ = {
			isa = PBXFrameworksBuildPhase;
			buildActionMask = 2147483647;
			files = (
			);
			runOnlyForDeploymentPostprocessing = 0;
		};
/* End PBXFrameworksBuildPhase section */

/* Begin PBXGroup section */
		848E0DCC206203EB0011B550 = {
			isa = PBXGroup;
			children = (
				848E0DD7206203EB0011B550 /* ProjectDemo */,
				848E0DF0206203EB0011B550 /* ProjectDemoTests */,
				848E0DFB206203EC0011B550 /* ProjectDemoUITests */,
				848E0DD6206203EB0011B550 /* Products */,
			);
			sourceTree = "<group>";
		};
		848E0DD6206203EB0011B550 /* Products */ = {
			isa = PBXGroup;
			children = (
				848E0DD5206203EB0011B550 /* ProjectDemo.app */,
				848E0DED206203EB0011B550 /* ProjectDemoTests.xctest */,
				848E0DF8206203EB0011B550 /* ProjectDemoUITests.xctest */,
				848E0E17206205B20011B550 /* ProjectDemo_red.app */,
				848E0E26206205B50011B550 /* ProjectDemo_green.app */,
				848E0E35206205C60011B550 /* ProjectDemo_blue.app */,
			);
			name = Products;
			sourceTree = "<group>";
		};
		848E0DD7206203EB0011B550 /* ProjectDemo */ = {
			isa = PBXGroup;
			children = (
				848E0DD8206203EB0011B550 /* AppDelegate.h */,
				848E0DD9206203EB0011B550 /* AppDelegate.m */,
				848E0DDB206203EB0011B550 /* ViewController.h */,
				848E0DDC206203EB0011B550 /* ViewController.m */,
				848E0E37206206560011B550 /* blueProject */,
				848E0E3B206206560011B550 /* greenProject */,
				848E0E39206206560011B550 /* redProject */,
				848E0DDE206203EB0011B550 /* Main.storyboard */,
				848E0DE1206203EB0011B550 /* Assets.xcassets */,
				848E0DE3206203EB0011B550 /* LaunchScreen.storyboard */,
				848E0DE6206203EB0011B550 /* Info.plist */,
				848E0DE7206203EB0011B550 /* main.m */,
			);
			path = ProjectDemo;
			sourceTree = "<group>";
		};
		848E0DF0206203EB0011B550 /* ProjectDemoTests */ = {
			isa = PBXGroup;
			children = (
				848E0DF1206203EB0011B550 /* ProjectDemoTests.m */,
				848E0DF3206203EB0011B550 /* Info.plist */,
			);
			path = ProjectDemoTests;
			sourceTree = "<group>";
		};
		848E0DFB206203EC0011B550 /* ProjectDemoUITests */ = {
			isa = PBXGroup;
			children = (
				848E0DFC206203EC0011B550 /* ProjectDemoUITests.m */,
				848E0DFE206203EC0011B550 /* Info.plist */,
			);
			path = ProjectDemoUITests;
			sourceTree = "<group>";
		};
		848E0E37206206560011B550 /* blueProject */ = {
			isa = PBXGroup;
			children = (
				848E0E38206206560011B550 /* blueProject-Info.plist */,
			);
			path = blueProject;
			sourceTree = "<group>";
		};
		848E0E39206206560011B550 /* redProject */ = {
			isa = PBXGroup;
			children = (
				848E0E3A206206560011B550 /* redProject-Info.plist */,
			);
			path = redProject;
			sourceTree = "<group>";
		};
		848E0E3B206206560011B550 /* greenProject */ = {
			isa = PBXGroup;
			children = (
				848E0E3C206206560011B550 /* greenProject-Info.plist */,
			);
			path = greenProject;
			sourceTree = "<group>";
		};
/* End PBXGroup section */

/* Begin PBXNativeTarget section */
		848E0DD4206203EB0011B550 /* ProjectDemo */ = {
			isa = PBXNativeTarget;
			buildConfigurationList = 848E0E01206203EC0011B550 /* Build configuration list for PBXNativeTarget "ProjectDemo" */;
			buildPhases = (
				848E0DD1206203EB0011B550 /* Sources */,
				848E0DD2206203EB0011B550 /* Frameworks */,
				848E0DD3206203EB0011B550 /* Resources */,
			);
			buildRules = (
			);
			dependencies = (
			);
			name = ProjectDemo;
			productName = ProjectDemo;
			productReference = 848E0DD5206203EB0011B550 /* ProjectDemo.app */;
			productType = "com.apple.product-type.application";
		};
		848E0DEC206203EB0011B550 /* ProjectDemoTests */ = {
			isa = PBXNativeTarget;
			buildConfigurationList = 848E0E04206203EC0011B550 /* Build configuration list for PBXNativeTarget "ProjectDemoTests" */;
			buildPhases = (
				848E0DE9206203EB0011B550 /* Sources */,
				848E0DEA206203EB0011B550 /* Frameworks */,
				848E0DEB206203EB0011B550 /* Resources */,
			);
			buildRules = (
			);
			dependencies = (
				848E0DEF206203EB0011B550 /* PBXTargetDependency */,
			);
			name = ProjectDemoTests;
			productName = ProjectDemoTests;
			productReference = 848E0DED206203EB0011B550 /* ProjectDemoTests.xctest */;
			productType = "com.apple.product-type.bundle.unit-test";
		};
		848E0DF7206203EB0011B550 /* ProjectDemoUITests */ = {
			isa = PBXNativeTarget;
			buildConfigurationList = 848E0E07206203EC0011B550 /* Build configuration list for PBXNativeTarget "ProjectDemoUITests" */;
			buildPhases = (
				848E0DF4206203EB0011B550 /* Sources */,
				848E0DF5206203EB0011B550 /* Frameworks */,
				848E0DF6206203EB0011B550 /* Resources */,
			);
			buildRules = (
			);
			dependencies = (
				848E0DFA206203EC0011B550 /* PBXTargetDependency */,
			);
			name = ProjectDemoUITests;
			productName = ProjectDemoUITests;
			productReference = 848E0DF8206203EB0011B550 /* ProjectDemoUITests.xctest */;
			productType = "com.apple.product-type.bundle.ui-testing";
		};
		848E0E0A206205B20011B550 /* ProjectDemo_red */ = {
			isa = PBXNativeTarget;
			buildConfigurationList = 848E0E14206205B20011B550 /* Build configuration list for PBXNativeTarget "ProjectDemo_red" */;
			buildPhases = (
				848E0E0B206205B20011B550 /* Sources */,
				848E0E0F206205B20011B550 /* Frameworks */,
				848E0E10206205B20011B550 /* Resources */,
			);
			buildRules = (
			);
			dependencies = (
			);
			name = ProjectDemo_red;
			productName = ProjectDemo;
			productReference = 848E0E17206205B20011B550 /* ProjectDemo_red.app */;
			productType = "com.apple.product-type.application";
		};
		848E0E19206205B50011B550 /* ProjectDemo_green */ = {
			isa = PBXNativeTarget;
			buildConfigurationList = 848E0E23206205B50011B550 /* Build configuration list for PBXNativeTarget "ProjectDemo_green" */;
			buildPhases = (
				848E0E1A206205B50011B550 /* Sources */,
				848E0E1E206205B50011B550 /* Frameworks */,
				848E0E1F206205B50011B550 /* Resources */,
			);
			buildRules = (
			);
			dependencies = (
			);
			name = ProjectDemo_green;
			productName = ProjectDemo;
			productReference = 848E0E26206205B50011B550 /* ProjectDemo_green.app */;
			productType = "com.apple.product-type.application";
		};
		848E0E28206205C60011B550 /* ProjectDemo_blue */ = {
			isa = PBXNativeTarget;
			buildConfigurationList = 848E0E32206205C60011B550 /* Build configuration list for PBXNativeTarget "ProjectDemo_blue" */;
			buildPhases = (
				848E0E29206205C60011B550 /* Sources */,
				848E0E2D206205C60011B550 /* Frameworks */,
				848E0E2E206205C60011B550 /* Resources */,
			);
			buildRules = (
			);
			dependencies = (
			);
			name = ProjectDemo_blue;
			productName = ProjectDemo;
			productReference = 848E0E35206205C60011B550 /* ProjectDemo_blue.app */;
			productType = "com.apple.product-type.application";
		};
/* End PBXNativeTarget section */

/* Begin PBXProject section */
		848E0DCD206203EB0011B550 /* Project object */ = {
			isa = PBXProject;
			attributes = {
				LastUpgradeCheck = 0920;
				ORGANIZATIONNAME = AlezJi;
				TargetAttributes = {
					848E0DD4206203EB0011B550 = {
						CreatedOnToolsVersion = 9.2;
						ProvisioningStyle = Automatic;
					};
					848E0DEC206203EB0011B550 = {
						CreatedOnToolsVersion = 9.2;
						ProvisioningStyle = Automatic;
						TestTargetID = 848E0DD4206203EB0011B550;
					};
					848E0DF7206203EB0011B550 = {
						CreatedOnToolsVersion = 9.2;
						ProvisioningStyle = Automatic;
						TestTargetID = 848E0DD4206203EB0011B550;
					};
					848E0E0A206205B20011B550 = {
						ProvisioningStyle = Automatic;
					};
					848E0E19206205B50011B550 = {
						ProvisioningStyle = Automatic;
					};
					848E0E28206205C60011B550 = {
						ProvisioningStyle = Automatic;
					};
				};
			};
			buildConfigurationList = 848E0DD0206203EB0011B550 /* Build configuration list for PBXProject "ProjectDemo" */;
			compatibilityVersion = "Xcode 8.0";
			developmentRegion = en;
			hasScannedForEncodings = 0;
			knownRegions = (
				en,
				Base,
			);
			mainGroup = 848E0DCC206203EB0011B550;
			productRefGroup = 848E0DD6206203EB0011B550 /* Products */;
			projectDirPath = "";
			projectRoot = "";
			targets = (
				848E0DD4206203EB0011B550 /* ProjectDemo */,
				848E0DEC206203EB0011B550 /* ProjectDemoTests */,
				848E0DF7206203EB0011B550 /* ProjectDemoUITests */,
				848E0E0A206205B20011B550 /* ProjectDemo_red */,
				848E0E19206205B50011B550 /* ProjectDemo_green */,
				848E0E28206205C60011B550 /* ProjectDemo_blue */,
			);
		};
/* End PBXProject section */

/* Begin PBXResourcesBuildPhase section */
		848E0DD3206203EB0011B550 /* Resources */ = {
			isa = PBXResourcesBuildPhase;
			buildActionMask = 2147483647;
			files = (
				848E0E45206206560011B550 /* greenProject-Info.plist in Resources */,
				848E0E3D206206560011B550 /* blueProject-Info.plist in Resources */,
				848E0DE5206203EB0011B550 /* LaunchScreen.storyboard in Resources */,
				848E0E41206206560011B550 /* redProject-Info.plist in Resources */,
				848E0DE2206203EB0011B550 /* Assets.xcassets in Resources */,
				848E0DE0206203EB0011B550 /* Main.storyboard in Resources */,
			);
			runOnlyForDeploymentPostprocessing = 0;
		};
		848E0DEB206203EB0011B550 /* Resources */ = {
			isa = PBXResourcesBuildPhase;
			buildActionMask = 2147483647;
			files = (
			);
			runOnlyForDeploymentPostprocessing = 0;
		};
		848E0DF6206203EB0011B550 /* Resources */ = {
			isa = PBXResourcesBuildPhase;
			buildActionMask = 2147483647;
			files = (
			);
			runOnlyForDeploymentPostprocessing = 0;
		};
		848E0E10206205B20011B550 /* Resources */ = {
			isa = PBXResourcesBuildPhase;
			buildActionMask = 2147483647;
			files = (
				848E0E46206206560011B550 /* greenProject-Info.plist in Resources */,
				848E0E3E206206560011B550 /* blueProject-Info.plist in Resources */,
				848E0E11206205B20011B550 /* LaunchScreen.storyboard in Resources */,
				848E0E42206206560011B550 /* redProject-Info.plist in Resources */,
				848E0E12206205B20011B550 /* Assets.xcassets in Resources */,
				848E0E13206205B20011B550 /* Main.storyboard in Resources */,
			);
			runOnlyForDeploymentPostprocessing = 0;
		};
		848E0E1F206205B50011B550 /* Resources */ = {
			isa = PBXResourcesBuildPhase;
			buildActionMask = 2147483647;
			files = (
				848E0E47206206560011B550 /* greenProject-Info.plist in Resources */,
				848E0E3F206206560011B550 /* blueProject-Info.plist in Resources */,
				848E0E20206205B50011B550 /* LaunchScreen.storyboard in Resources */,
				848E0E43206206560011B550 /* redProject-Info.plist in Resources */,
				848E0E21206205B50011B550 /* Assets.xcassets in Resources */,
				848E0E22206205B50011B550 /* Main.storyboard in Resources */,
			);
			runOnlyForDeploymentPostprocessing = 0;
		};
		848E0E2E206205C60011B550 /* Resources */ = {
			isa = PBXResourcesBuildPhase;
			buildActionMask = 2147483647;
			files = (
				848E0E48206206560011B550 /* greenProject-Info.plist in Resources */,
				848E0E40206206560011B550 /* blueProject-Info.plist in Resources */,
				848E0E2F206205C60011B550 /* LaunchScreen.storyboard in Resources */,
				848E0E44206206560011B550 /* redProject-Info.plist in Resources */,
				848E0E30206205C60011B550 /* Assets.xcassets in Resources */,
				848E0E31206205C60011B550 /* Main.storyboard in Resources */,
			);
			runOnlyForDeploymentPostprocessing = 0;
		};
/* End PBXResourcesBuildPhase section */

/* Begin PBXSourcesBuildPhase section */
		848E0DD1206203EB0011B550 /* Sources */ = {
			isa = PBXSourcesBuildPhase;
			buildActionMask = 2147483647;
			files = (
				848E0DDD206203EB0011B550 /* ViewController.m in Sources */,
				848E0DE8206203EB0011B550 /* main.m in Sources */,
				848E0DDA206203EB0011B550 /* AppDelegate.m in Sources */,
			);
			runOnlyForDeploymentPostprocessing = 0;
		};
		848E0DE9206203EB0011B550 /* Sources */ = {
			isa = PBXSourcesBuildPhase;
			buildActionMask = 2147483647;
			files = (
				848E0DF2206203EB0011B550 /* ProjectDemoTests.m in Sources */,
			);
			runOnlyForDeploymentPostprocessing = 0;
		};
		848E0DF4206203EB0011B550 /* Sources */ = {
			isa = PBXSourcesBuildPhase;
			buildActionMask = 2147483647;
			files = (
				848E0DFD206203EC0011B550 /* ProjectDemoUITests.m in Sources */,
			);
			runOnlyForDeploymentPostprocessing = 0;
		};
		848E0E0B206205B20011B550 /* Sources */ = {
			isa = PBXSourcesBuildPhase;
			buildActionMask = 2147483647;
			files = (
				848E0E0C206205B20011B550 /* ViewController.m in Sources */,
				848E0E0D206205B20011B550 /* main.m in Sources */,
				848E0E0E206205B20011B550 /* AppDelegate.m in Sources */,
			);
			runOnlyForDeploymentPostprocessing = 0;
		};
		848E0E1A206205B50011B550 /* Sources */ = {
			isa = PBXSourcesBuildPhase;
			buildActionMask = 2147483647;
			files = (
				848E0E1B206205B50011B550 /* ViewController.m in Sources */,
				848E0E1C206205B50011B550 /* main.m in Sources */,
				848E0E1D206205B50011B550 /* AppDelegate.m in Sources */,
			);
			runOnlyForDeploymentPostprocessing = 0;
		};
		848E0E29206205C60011B550 /* Sources */ = {
			isa = PBXSourcesBuildPhase;
			buildActionMask = 2147483647;
			files = (
				848E0E2A206205C60011B550 /* ViewController.m in Sources */,
				848E0E2B206205C60011B550 /* main.m in Sources */,
				848E0E2C206205C60011B550 /* AppDelegate.m in Sources */,
			);
			runOnlyForDeploymentPostprocessing = 0;
		};
/* End PBXSourcesBuildPhase section */

/* Begin PBXTargetDependency section */
		848E0DEF206203EB0011B550 /* PBXTargetDependency */ = {
			isa = PBXTargetDependency;
			target = 848E0DD4206203EB0011B550 /* ProjectDemo */;
			targetProxy = 848E0DEE206203EB0011B550 /* PBXContainerItemProxy */;
		};
		848E0DFA206203EC0011B550 /* PBXTargetDependency */ = {
			isa = PBXTargetDependency;
			target = 848E0DD4206203EB0011B550 /* ProjectDemo */;
			targetProxy = 848E0DF9206203EC0011B550 /* PBXContainerItemProxy */;
		};
/* End PBXTargetDependency section */

/* Begin PBXVariantGroup section */
		848E0DDE206203EB0011B550 /* Main.storyboard */ = {
			isa = PBXVariantGroup;
			children = (
				848E0DDF206203EB0011B550 /* Base */,
			);
			name = Main.storyboard;
			sourceTree = "<group>";
		};
		848E0DE3206203EB0011B550 /* LaunchScreen.storyboard */ = {
			isa = PBXVariantGroup;
			children = (
				848E0DE4206203EB0011B550 /* Base */,
			);
			name = LaunchScreen.storyboard;
			sourceTree = "<group>";
		};
/* End PBXVariantGroup section */

/* Begin XCBuildConfiguration section */
		848E0DFF206203EC0011B550 /* Debug */ = {
			isa = XCBuildConfiguration;
			buildSettings = {
				ALWAYS_SEARCH_USER_PATHS = NO;
				CLANG_ANALYZER_NONNULL = YES;
				CLANG_ANALYZER_NUMBER_OBJECT_CONVERSION = YES_AGGRESSIVE;
				CLANG_CXX_LANGUAGE_STANDARD = "gnu++14";
				CLANG_CXX_LIBRARY = "libc++";
				CLANG_ENABLE_MODULES = YES;
				CLANG_ENABLE_OBJC_ARC = YES;
				CLANG_WARN_BLOCK_CAPTURE_AUTORELEASING = YES;
				CLANG_WARN_BOOL_CONVERSION = YES;
				CLANG_WARN_COMMA = YES;
				CLANG_WARN_CONSTANT_CONVERSION = YES;
				CLANG_WARN_DIRECT_OBJC_ISA_USAGE = YES_ERROR;
				CLANG_WARN_DOCUMENTATION_COMMENTS = YES;
				CLANG_WARN_EMPTY_BODY = YES;
				CLANG_WARN_ENUM_CONVERSION = YES;
				CLANG_WARN_INFINITE_RECURSION = YES;
				CLANG_WARN_INT_CONVERSION = YES;
				CLANG_WARN_NON_LITERAL_NULL_CONVERSION = YES;
				CLANG_WARN_OBJC_LITERAL_CONVERSION = YES;
				CLANG_WARN_OBJC_ROOT_CLASS = YES_ERROR;
				CLANG_WARN_RANGE_LOOP_ANALYSIS = YES;
				CLANG_WARN_STRICT_PROTOTYPES = YES;
				CLANG_WARN_SUSPICIOUS_MOVE = YES;
				CLANG_WARN_UNGUARDED_AVAILABILITY = YES_AGGRESSIVE;
				CLANG_WARN_UNREACHABLE_CODE = YES;
				CLANG_WARN__DUPLICATE_METHOD_MATCH = YES;
				CODE_SIGN_IDENTITY = "iPhone Developer";
				COPY_PHASE_STRIP = NO;
				DEBUG_INFORMATION_FORMAT = dwarf;
				ENABLE_STRICT_OBJC_MSGSEND = YES;
				ENABLE_TESTABILITY = YES;
				GCC_C_LANGUAGE_STANDARD = gnu11;
				GCC_DYNAMIC_NO_PIC = NO;
				GCC_NO_COMMON_BLOCKS = YES;
				GCC_OPTIMIZATION_LEVEL = 0;
				GCC_PREPROCESSOR_DEFINITIONS = (
					"DEBUG=1",
					"$(inherited)",
					"TargetType=2",
				);
				GCC_WARN_64_TO_32_BIT_CONVERSION = YES;
				GCC_WARN_ABOUT_RETURN_TYPE = YES_ERROR;
				GCC_WARN_UNDECLARED_SELECTOR = YES;
				GCC_WARN_UNINITIALIZED_AUTOS = YES_AGGRESSIVE;
				GCC_WARN_UNUSED_FUNCTION = YES;
				GCC_WARN_UNUSED_VARIABLE = YES;
				IPHONEOS_DEPLOYMENT_TARGET = 11.2;
				MTL_ENABLE_DEBUG_INFO = YES;
				ONLY_ACTIVE_ARCH = YES;
				SDKROOT = iphoneos;
			};
			name = Debug;
		};
		848E0E00206203EC0011B550 /* Release */ = {
			isa = XCBuildConfiguration;
			buildSettings = {
				ALWAYS_SEARCH_USER_PATHS = NO;
				CLANG_ANALYZER_NONNULL = YES;
				CLANG_ANALYZER_NUMBER_OBJECT_CONVERSION = YES_AGGRESSIVE;
				CLANG_CXX_LANGUAGE_STANDARD = "gnu++14";
				CLANG_CXX_LIBRARY = "libc++";
				CLANG_ENABLE_MODULES = YES;
				CLANG_ENABLE_OBJC_ARC = YES;
				CLANG_WARN_BLOCK_CAPTURE_AUTORELEASING = YES;
				CLANG_WARN_BOOL_CONVERSION = YES;
				CLANG_WARN_COMMA = YES;
				CLANG_WARN_CONSTANT_CONVERSION = YES;
				CLANG_WARN_DIRECT_OBJC_ISA_USAGE = YES_ERROR;
				CLANG_WARN_DOCUMENTATION_COMMENTS = YES;
				CLANG_WARN_EMPTY_BODY = YES;
				CLANG_WARN_ENUM_CONVERSION = YES;
				CLANG_WARN_INFINITE_RECURSION = YES;
				CLANG_WARN_INT_CONVERSION = YES;
				CLANG_WARN_NON_LITERAL_NULL_CONVERSION = YES;
				CLANG_WARN_OBJC_LITERAL_CONVERSION = YES;
				CLANG_WARN_OBJC_ROOT_CLASS = YES_ERROR;
				CLANG_WARN_RANGE_LOOP_ANALYSIS = YES;
				CLANG_WARN_STRICT_PROTOTYPES = YES;
				CLANG_WARN_SUSPICIOUS_MOVE = YES;
				CLANG_WARN_UNGUARDED_AVAILABILITY = YES_AGGRESSIVE;
				CLANG_WARN_UNREACHABLE_CODE = YES;
				CLANG_WARN__DUPLICATE_METHOD_MATCH = YES;
				CODE_SIGN_IDENTITY = "iPhone Developer";
				COPY_PHASE_STRIP = NO;
				DEBUG_INFORMATION_FORMAT = "dwarf-with-dsym";
				ENABLE_NS_ASSERTIONS = NO;
				ENABLE_STRICT_OBJC_MSGSEND = YES;
				GCC_C_LANGUAGE_STANDARD = gnu11;
				GCC_NO_COMMON_BLOCKS = YES;
				GCC_WARN_64_TO_32_BIT_CONVERSION = YES;
				GCC_WARN_ABOUT_RETURN_TYPE = YES_ERROR;
				GCC_WARN_UNDECLARED_SELECTOR = YES;
				GCC_WARN_UNINITIALIZED_AUTOS = YES_AGGRESSIVE;
				GCC_WARN_UNUSED_FUNCTION = YES;
				GCC_WARN_UNUSED_VARIABLE = YES;
				IPHONEOS_DEPLOYMENT_TARGET = 11.2;
				MTL_ENABLE_DEBUG_INFO = NO;
				SDKROOT = iphoneos;
				VALIDATE_PRODUCT = YES;
			};
			name = Release;
		};
		848E0E02206203EC0011B550 /* Debug */ = {
			isa = XCBuildConfiguration;
			buildSettings = {
				ASSETCATALOG_COMPILER_APPICON_NAME = AppIcon;
				CODE_SIGN_STYLE = Automatic;
				DEVELOPMENT_TEAM = EWE36XWL9D;
				INFOPLIST_FILE = ProjectDemo/Info.plist;
				IPHONEOS_DEPLOYMENT_TARGET = 10.0;
				LD_RUNPATH_SEARCH_PATHS = "$(inherited) @executable_path/Frameworks";
				PRODUCT_BUNDLE_IDENTIFIER = AlezJI.ProjectDemo;
				PRODUCT_NAME = "$(TARGET_NAME)";
				TARGETED_DEVICE_FAMILY = "1,2";
			};
			name = Debug;
		};
		848E0E03206203EC0011B550 /* Release */ = {
			isa = XCBuildConfiguration;
			buildSettings = {
				ASSETCATALOG_COMPILER_APPICON_NAME = AppIcon;
				CODE_SIGN_STYLE = Automatic;
				DEVELOPMENT_TEAM = EWE36XWL9D;
				INFOPLIST_FILE = ProjectDemo/Info.plist;
				IPHONEOS_DEPLOYMENT_TARGET = 10.0;
				LD_RUNPATH_SEARCH_PATHS = "$(inherited) @executable_path/Frameworks";
				PRODUCT_BUNDLE_IDENTIFIER = AlezJI.ProjectDemo;
				PRODUCT_NAME = "$(TARGET_NAME)";
				TARGETED_DEVICE_FAMILY = "1,2";
			};
			name = Release;
		};
		848E0E05206203EC0011B550 /* Debug */ = {
			isa = XCBuildConfiguration;
			buildSettings = {
				BUNDLE_LOADER = "$(TEST_HOST)";
				CODE_SIGN_STYLE = Automatic;
				INFOPLIST_FILE = ProjectDemoTests/Info.plist;
				LD_RUNPATH_SEARCH_PATHS = "$(inherited) @executable_path/Frameworks @loader_path/Frameworks";
				PRODUCT_BUNDLE_IDENTIFIER = AlezJI.ProjectDemoTests;
				PRODUCT_NAME = "$(TARGET_NAME)";
				TARGETED_DEVICE_FAMILY = "1,2";
				TEST_HOST = "$(BUILT_PRODUCTS_DIR)/ProjectDemo.app/ProjectDemo";
			};
			name = Debug;
		};
		848E0E06206203EC0011B550 /* Release */ = {
			isa = XCBuildConfiguration;
			buildSettings = {
				BUNDLE_LOADER = "$(TEST_HOST)";
				CODE_SIGN_STYLE = Automatic;
				INFOPLIST_FILE = ProjectDemoTests/Info.plist;
				LD_RUNPATH_SEARCH_PATHS = "$(inherited) @executable_path/Frameworks @loader_path/Frameworks";
				PRODUCT_BUNDLE_IDENTIFIER = AlezJI.ProjectDemoTests;
				PRODUCT_NAME = "$(TARGET_NAME)";
				TARGETED_DEVICE_FAMILY = "1,2";
				TEST_HOST = "$(BUILT_PRODUCTS_DIR)/ProjectDemo.app/ProjectDemo";
			};
			name = Release;
		};
		848E0E08206203EC0011B550 /* Debug */ = {
			isa = XCBuildConfiguration;
			buildSettings = {
				CODE_SIGN_STYLE = Automatic;
				INFOPLIST_FILE = ProjectDemoUITests/Info.plist;
				LD_RUNPATH_SEARCH_PATHS = "$(inherited) @executable_path/Frameworks @loader_path/Frameworks";
				PRODUCT_BUNDLE_IDENTIFIER = AlezJI.ProjectDemoUITests;
				PRODUCT_NAME = "$(TARGET_NAME)";
				TARGETED_DEVICE_FAMILY = "1,2";
				TEST_TARGET_NAME = ProjectDemo;
			};
			name = Debug;
		};
		848E0E09206203EC0011B550 /* Release */ = {
			isa = XCBuildConfiguration;
			buildSettings = {
				CODE_SIGN_STYLE = Automatic;
				INFOPLIST_FILE = ProjectDemoUITests/Info.plist;
				LD_RUNPATH_SEARCH_PATHS = "$(inherited) @executable_path/Frameworks @loader_path/Frameworks";
				PRODUCT_BUNDLE_IDENTIFIER = AlezJI.ProjectDemoUITests;
				PRODUCT_NAME = "$(TARGET_NAME)";
				TARGETED_DEVICE_FAMILY = "1,2";
				TEST_TARGET_NAME = ProjectDemo;
			};
			name = Release;
		};
		848E0E15206205B20011B550 /* Debug */ = {
			isa = XCBuildConfiguration;
			buildSettings = {
				ASSETCATALOG_COMPILER_APPICON_NAME = AppIcon;
				CODE_SIGN_STYLE = Automatic;
				DEVELOPMENT_TEAM = EWE36XWL9D;
				GCC_PREPROCESSOR_DEFINITIONS = (
					"DEBUG=1",
					"$(inherited)",
					"TargetType=1",
				);
				INFOPLIST_FILE = "$(SRCROOT)/ProjectDemo/redProject/redProject-Info.plist";
				IPHONEOS_DEPLOYMENT_TARGET = 10.0;
				LD_RUNPATH_SEARCH_PATHS = "$(inherited) @executable_path/Frameworks";
				PRODUCT_BUNDLE_IDENTIFIER = com.ProjectRed.www;
				PRODUCT_NAME = "$(TARGET_NAME)";
				TARGETED_DEVICE_FAMILY = "1,2";
			};
			name = Debug;
		};
		848E0E16206205B20011B550 /* Release */ = {
			isa = XCBuildConfiguration;
			buildSettings = {
				ASSETCATALOG_COMPILER_APPICON_NAME = AppIcon;
				CODE_SIGN_STYLE = Automatic;
				DEVELOPMENT_TEAM = EWE36XWL9D;
				INFOPLIST_FILE = "$(SRCROOT)/ProjectDemo/redProject/redProject-Info.plist";
				IPHONEOS_DEPLOYMENT_TARGET = 10.0;
				LD_RUNPATH_SEARCH_PATHS = "$(inherited) @executable_path/Frameworks";
				PRODUCT_BUNDLE_IDENTIFIER = com.ProjectRed.www;
				PRODUCT_NAME = "$(TARGET_NAME)";
				TARGETED_DEVICE_FAMILY = "1,2";
			};
			name = Release;
		};
		848E0E24206205B50011B550 /* Debug */ = {
			isa = XCBuildConfiguration;
			buildSettings = {
				ASSETCATALOG_COMPILER_APPICON_NAME = AppIcon;
				CODE_SIGN_STYLE = Automatic;
				DEVELOPMENT_TEAM = EWE36XWL9D;
				INFOPLIST_FILE = "$(SRCROOT)/ProjectDemo/greenProject/greenProject-Info.plist";
				IPHONEOS_DEPLOYMENT_TARGET = 10.0;
				LD_RUNPATH_SEARCH_PATHS = "$(inherited) @executable_path/Frameworks";
				PRODUCT_BUNDLE_IDENTIFIER = com.ProjectGreen.www;
				PRODUCT_NAME = "$(TARGET_NAME)";
				TARGETED_DEVICE_FAMILY = "1,2";
			};
			name = Debug;
		};
		848E0E25206205B50011B550 /* Release */ = {
			isa = XCBuildConfiguration;
			buildSettings = {
				ASSETCATALOG_COMPILER_APPICON_NAME = AppIcon;
				CODE_SIGN_STYLE = Automatic;
				DEVELOPMENT_TEAM = EWE36XWL9D;
				INFOPLIST_FILE = "$(SRCROOT)/ProjectDemo/greenProject/greenProject-Info.plist";
				IPHONEOS_DEPLOYMENT_TARGET = 10.0;
				LD_RUNPATH_SEARCH_PATHS = "$(inherited) @executable_path/Frameworks";
				PRODUCT_BUNDLE_IDENTIFIER = com.ProjectGreen.www;
				PRODUCT_NAME = "$(TARGET_NAME)";
				TARGETED_DEVICE_FAMILY = "1,2";
			};
			name = Release;
		};
		848E0E33206205C60011B550 /* Debug */ = {
			isa = XCBuildConfiguration;
			buildSettings = {
				ASSETCATALOG_COMPILER_APPICON_NAME = AppIcon;
				CODE_SIGN_STYLE = Automatic;
				DEVELOPMENT_TEAM = EWE36XWL9D;
				GCC_PREPROCESSOR_DEFINITIONS = (
					"DEBUG=1",
					"$(inherited)",
					"TargetType=3",
				);
				INFOPLIST_FILE = "$(SRCROOT)/ProjectDemo/blueProject/blueProject-Info.plist";
				IPHONEOS_DEPLOYMENT_TARGET = 10.0;
				LD_RUNPATH_SEARCH_PATHS = "$(inherited) @executable_path/Frameworks";
				PRODUCT_BUNDLE_IDENTIFIER = com.ProjectBlue.www;
				PRODUCT_NAME = "$(TARGET_NAME)";
				TARGETED_DEVICE_FAMILY = "1,2";
			};
			name = Debug;
		};
		848E0E34206205C60011B550 /* Release */ = {
			isa = XCBuildConfiguration;
			buildSettings = {
				ASSETCATALOG_COMPILER_APPICON_NAME = AppIcon;
				CODE_SIGN_STYLE = Automatic;
				DEVELOPMENT_TEAM = EWE36XWL9D;
				INFOPLIST_FILE = "$(SRCROOT)/ProjectDemo/blueProject/blueProject-Info.plist";
				IPHONEOS_DEPLOYMENT_TARGET = 10.0;
				LD_RUNPATH_SEARCH_PATHS = "$(inherited) @executable_path/Frameworks";
				PRODUCT_BUNDLE_IDENTIFIER = com.ProjectBlue.www;
				PRODUCT_NAME = "$(TARGET_NAME)";
				TARGETED_DEVICE_FAMILY = "1,2";
			};
			name = Release;
		};
/* End XCBuildConfiguration section */

/* Begin XCConfigurationList section */
		848E0DD0206203EB0011B550 /* Build configuration list for PBXProject "ProjectDemo" */ = {
			isa = XCConfigurationList;
			buildConfigurations = (
				848E0DFF206203EC0011B550 /* Debug */,
				848E0E00206203EC0011B550 /* Release */,
			);
			defaultConfigurationIsVisible = 0;
			defaultConfigurationName = Release;
		};
		848E0E01206203EC0011B550 /* Build configuration list for PBXNativeTarget "ProjectDemo" */ = {
			isa = XCConfigurationList;
			buildConfigurations = (
				848E0E02206203EC0011B550 /* Debug */,
				848E0E03206203EC0011B550 /* Release */,
			);
			defaultConfigurationIsVisible = 0;
			defaultConfigurationName = Release;
		};
		848E0E04206203EC0011B550 /* Build configuration list for PBXNativeTarget "ProjectDemoTests" */ = {
			isa = XCConfigurationList;
			buildConfigurations = (
				848E0E05206203EC0011B550 /* Debug */,
				848E0E06206203EC0011B550 /* Release */,
			);
			defaultConfigurationIsVisible = 0;
			defaultConfigurationName = Release;
		};
		848E0E07206203EC0011B550 /* Build configuration list for PBXNativeTarget "ProjectDemoUITests" */ = {
			isa = XCConfigurationList;
			buildConfigurations = (
				848E0E08206203EC0011B550 /* Debug */,
				848E0E09206203EC0011B550 /* Release */,
			);
			defaultConfigurationIsVisible = 0;
			defaultConfigurationName = Release;
		};
		848E0E14206205B20011B550 /* Build configuration list for PBXNativeTarget "ProjectDemo_red" */ = {
			isa = XCConfigurationList;
			buildConfigurations = (
				848E0E15206205B20011B550 /* Debug */,
				848E0E16206205B20011B550 /* Release */,
			);
			defaultConfigurationIsVisible = 0;
			defaultConfigurationName = Release;
		};
		848E0E23206205B50011B550 /* Build configuration list for PBXNativeTarget "ProjectDemo_green" */ = {
			isa = XCConfigurationList;
			buildConfigurations = (
				848E0E24206205B50011B550 /* Debug */,
				848E0E25206205B50011B550 /* Release */,
			);
			defaultConfigurationIsVisible = 0;
			defaultConfigurationName = Release;
		};
		848E0E32206205C60011B550 /* Build configuration list for PBXNativeTarget "ProjectDemo_blue" */ = {
			isa = XCConfigurationList;
			buildConfigurations = (
				848E0E33206205C60011B550 /* Debug */,
				848E0E34206205C60011B550 /* Release */,
			);
			defaultConfigurationIsVisible = 0;
			defaultConfigurationName = Release;
		};
/* End XCConfigurationList section */
	};
	rootObject = 848E0DCD206203EB0011B550 /* Project object */;
}
